
Microsoft Visual Studio Solution File, Format Version 12.00
# Visual Studio 15
VisualStudioVersion = 15.0.27428.2015
MinimumVisualStudioVersion = 10.0.40219.1
Project("{8BC9CEB8-8B4A-11D0-8D11-00A0C91BC942}") = "lec_05", "lec_05\lec_05.vcxproj", "{3474D0B4-CAA3-4C67-90C6-D36A0C68BFF8}"
EndProject
Project("{8BC9CEB8-8B4A-11D0-8D11-00A0C91BC942}") = "lec_06", "lec_06\lec_06.vcxproj", "{F2AF003E-030B-4CA1-A9F8-B3D542E359A2}"
EndProject
Project("{8BC9CEB8-8B4A-11D0-8D11-00A0C91BC942}") = "lec_04", "lec_04\lec_04.vcxproj", "{18409AD2-0C7C-4B36-9F13-D5900F7E36DE}"
EndProject
Project("{8BC9CEB8-8B4A-11D0-8D11-00A0C91BC942}") = "lec_03", "lec_03\Lec_03.vcxproj", "{2B4E503E-B418-474B-9AFA-7D5430EE0197}"
EndProject
Project("{8BC9CEB8-8B4A-11D0-8D11-00A0C91BC942}") = "lec_02", "lec_02\EX_2_1.vcxproj", "{93796C47-FB2E-4EA5-861E-52D03FF8B93B}"
EndProject
Project("{8BC9CEB8-8B4A-11D0-8D11-00A0C91BC942}") = "lec_01", "lec_01\ConsoleApplication1.vcxproj", "{3B8EE907-20EA-4471-A313-93148D55422F}"
EndProject
Project("{8BC9CEB8-8B4A-11D0-8D11-00A0C91BC942}") = "lec_07", "lec_07\lec_07.vcxproj", "{A3F1D668-6376-4B88-A5DD-20F9EA0D1C34}"
EndProject
Project("{8BC9CEB8-8B4A-11D0-8D11-00A0C91BC942}") = "lec_09", "lec_09\lec_09.vcxproj", "{62718BA2-4F4B-4E5C-BD2B-C73F012B319A}"
EndProject
Project("{8BC9CEB8-8B4A-11D0-8D11-00A0C91BC942}") = "WindowsProject1", "WindowsProject1\WindowsProject1.vcxproj", "{49B6B3EE-A2C8-40ED-BB52-9406705A99E2}"
EndProject
Project("{8BC9CEB8-8B4A-11D0-8D11-00A0C91BC942}") = "MFCApplication1", "MFCApplication1\MFCApplication1.vcxproj", "{2F6B2D45-F9A9-4D83-8A35-4840D9AC8A16}"
EndProject
Project("{8BC9CEB8-8B4A-11D0-8D11-00A0C91BC942}") = "WindowsFormProject1", "WindowsFormProject1\WindowsFormProject1.vcxproj", "{5F39FAF0-9CB7-46F1-8C6D-75DC47F84799}"
EndProject
Project("{8BC9CEB8-8B4A-11D0-8D11-00A0C91BC942}") = "lec_14", "lec_14\lec_14.vcxproj", "{D7B04386-3FDC-4B2B-B715-666D3754F082}"
EndProject
Project("{8BC9CEB8-8B4A-11D0-8D11-00A0C91BC942}") = "WindowsUniversalApp1", "WindowsUniversalApp1\WindowsUniversalApp1.vcxproj", "{93A6C5E6-731D-48F2-807C-01F5553A5B85}"
EndProject
Project("{8BC9CEB8-8B4A-11D0-8D11-00A0C91BC942}") = "ShapeApp", "ShapeApp\ShapeApp.vcxproj", "{1DDE7F4D-EA5A-4398-B854-90408D9C8AA5}"
EndProject
Global
	GlobalSection(SolutionConfigurationPlatforms) = preSolution
		Debug|Any CPU = Debug|Any CPU
		Debug|ARM = Debug|ARM
		Debug|x64 = Debug|x64
		Debug|x86 = Debug|x86
		Release|Any CPU = Release|Any CPU
		Release|ARM = Release|ARM
		Release|x64 = Release|x64
		Release|x86 = Release|x86
	EndGlobalSection
	GlobalSection(ProjectConfigurationPlatforms) = postSolution
		{3474D0B4-CAA3-4C67-90C6-D36A0C68BFF8}.Debug|Any CPU.ActiveCfg = Debug|Win32
		{3474D0B4-CAA3-4C67-90C6-D36A0C68BFF8}.Debug|ARM.ActiveCfg = Debug|Win32
		{3474D0B4-CAA3-4C67-90C6-D36A0C68BFF8}.Debug|x64.ActiveCfg = Debug|x64
		{3474D0B4-CAA3-4C67-90C6-D36A0C68BFF8}.Debug|x64.Build.0 = Debug|x64
		{3474D0B4-CAA3-4C67-90C6-D36A0C68BFF8}.Debug|x86.ActiveCfg = Debug|Win32
		{3474D0B4-CAA3-4C67-90C6-D36A0C68BFF8}.Debug|x86.Build.0 = Debug|Win32
		{3474D0B4-CAA3-4C67-90C6-D36A0C68BFF8}.Release|Any CPU.ActiveCfg = Release|Win32
		{3474D0B4-CAA3-4C67-90C6-D36A0C68BFF8}.Release|ARM.ActiveCfg = Release|Win32
		{3474D0B4-CAA3-4C67-90C6-D36A0C68BFF8}.Release|x64.ActiveCfg = Release|x64
		{3474D0B4-CAA3-4C67-90C6-D36A0C68BFF8}.Release|x64.Build.0 = Release|x64
		{3474D0B4-CAA3-4C67-90C6-D36A0C68BFF8}.Release|x86.ActiveCfg = Release|Win32
		{3474D0B4-CAA3-4C67-90C6-D36A0C68BFF8}.Release|x86.Build.0 = Release|Win32
		{F2AF003E-030B-4CA1-A9F8-B3D542E359A2}.Debug|Any CPU.ActiveCfg = Debug|Win32
		{F2AF003E-030B-4CA1-A9F8-B3D542E359A2}.Debug|ARM.ActiveCfg = Debug|Win32
		{F2AF003E-030B-4CA1-A9F8-B3D542E359A2}.Debug|x64.ActiveCfg = Debug|x64
		{F2AF003E-030B-4CA1-A9F8-B3D542E359A2}.Debug|x64.Build.0 = Debug|x64
		{F2AF003E-030B-4CA1-A9F8-B3D542E359A2}.Debug|x86.ActiveCfg = Debug|Win32
		{F2AF003E-030B-4CA1-A9F8-B3D542E359A2}.Debug|x86.Build.0 = Debug|Win32
		{F2AF003E-030B-4CA1-A9F8-B3D542E359A2}.Release|Any CPU.ActiveCfg = Release|Win32
		{F2AF003E-030B-4CA1-A9F8-B3D542E359A2}.Release|ARM.ActiveCfg = Release|Win32
		{F2AF003E-030B-4CA1-A9F8-B3D542E359A2}.Release|x64.ActiveCfg = Release|x64
		{F2AF003E-030B-4CA1-A9F8-B3D542E359A2}.Release|x64.Build.0 = Release|x64
		{F2AF003E-030B-4CA1-A9F8-B3D542E359A2}.Release|x86.ActiveCfg = Release|Win32
		{F2AF003E-030B-4CA1-A9F8-B3D542E359A2}.Release|x86.Build.0 = Release|Win32
		{18409AD2-0C7C-4B36-9F13-D5900F7E36DE}.Debug|Any CPU.ActiveCfg = Debug|Win32
		{18409AD2-0C7C-4B36-9F13-D5900F7E36DE}.Debug|ARM.ActiveCfg = Debug|Win32
		{18409AD2-0C7C-4B36-9F13-D5900F7E36DE}.Debug|x64.ActiveCfg = Debug|x64
		{18409AD2-0C7C-4B36-9F13-D5900F7E36DE}.Debug|x64.Build.0 = Debug|x64
		{18409AD2-0C7C-4B36-9F13-D5900F7E36DE}.Debug|x86.ActiveCfg = Debug|Win32
		{18409AD2-0C7C-4B36-9F13-D5900F7E36DE}.Debug|x86.Build.0 = Debug|Win32
		{18409AD2-0C7C-4B36-9F13-D5900F7E36DE}.Release|Any CPU.ActiveCfg = Release|Win32
		{18409AD2-0C7C-4B36-9F13-D5900F7E36DE}.Release|ARM.ActiveCfg = Release|Win32
		{18409AD2-0C7C-4B36-9F13-D5900F7E36DE}.Release|x64.ActiveCfg = Release|x64
		{18409AD2-0C7C-4B36-9F13-D5900F7E36DE}.Release|x64.Build.0 = Release|x64
		{18409AD2-0C7C-4B36-9F13-D5900F7E36DE}.Release|x86.ActiveCfg = Release|Win32
		{18409AD2-0C7C-4B36-9F13-D5900F7E36DE}.Release|x86.Build.0 = Release|Win32
		{2B4E503E-B418-474B-9AFA-7D5430EE0197}.Debug|Any CPU.ActiveCfg = Debug|Win32
		{2B4E503E-B418-474B-9AFA-7D5430EE0197}.Debug|ARM.ActiveCfg = Debug|Win32
		{2B4E503E-B418-474B-9AFA-7D5430EE0197}.Debug|x64.ActiveCfg = Debug|x64
		{2B4E503E-B418-474B-9AFA-7D5430EE0197}.Debug|x64.Build.0 = Debug|x64
		{2B4E503E-B418-474B-9AFA-7D5430EE0197}.Debug|x86.ActiveCfg = Debug|Win32
		{2B4E503E-B418-474B-9AFA-7D5430EE0197}.Debug|x86.Build.0 = Debug|Win32
		{2B4E503E-B418-474B-9AFA-7D5430EE0197}.Release|Any CPU.ActiveCfg = Release|Win32
		{2B4E503E-B418-474B-9AFA-7D5430EE0197}.Release|ARM.ActiveCfg = Release|Win32
		{2B4E503E-B418-474B-9AFA-7D5430EE0197}.Release|x64.ActiveCfg = Release|x64
		{2B4E503E-B418-474B-9AFA-7D5430EE0197}.Release|x64.Build.0 = Release|x64
		{2B4E503E-B418-474B-9AFA-7D5430EE0197}.Release|x86.ActiveCfg = Release|Win32
		{2B4E503E-B418-474B-9AFA-7D5430EE0197}.Release|x86.Build.0 = Release|Win32
		{93796C47-FB2E-4EA5-861E-52D03FF8B93B}.Debug|Any CPU.ActiveCfg = Debug|Win32
		{93796C47-FB2E-4EA5-861E-52D03FF8B93B}.Debug|ARM.ActiveCfg = Debug|Win32
		{93796C47-FB2E-4EA5-861E-52D03FF8B93B}.Debug|x64.ActiveCfg = Debug|x64
		{93796C47-FB2E-4EA5-861E-52D03FF8B93B}.Debug|x64.Build.0 = Debug|x64
		{93796C47-FB2E-4EA5-861E-52D03FF8B93B}.Debug|x86.ActiveCfg = Debug|Win32
		{93796C47-FB2E-4EA5-861E-52D03FF8B93B}.Debug|x86.Build.0 = Debug|Win32
		{93796C47-FB2E-4EA5-861E-52D03FF8B93B}.Release|Any CPU.ActiveCfg = Release|Win32
		{93796C47-FB2E-4EA5-861E-52D03FF8B93B}.Release|ARM.ActiveCfg = Release|Win32
		{93796C47-FB2E-4EA5-861E-52D03FF8B93B}.Release|x64.ActiveCfg = Release|x64
		{93796C47-FB2E-4EA5-861E-52D03FF8B93B}.Release|x64.Build.0 = Release|x64
		{93796C47-FB2E-4EA5-861E-52D03FF8B93B}.Release|x86.ActiveCfg = Release|Win32
		{93796C47-FB2E-4EA5-861E-52D03FF8B93B}.Release|x86.Build.0 = Release|Win32
		{3B8EE907-20EA-4471-A313-93148D55422F}.Debug|Any CPU.ActiveCfg = Debug|Win32
		{3B8EE907-20EA-4471-A313-93148D55422F}.Debug|ARM.ActiveCfg = Debug|Win32
		{3B8EE907-20EA-4471-A313-93148D55422F}.Debug|x64.ActiveCfg = Debug|x64
		{3B8EE907-20EA-4471-A313-93148D55422F}.Debug|x64.Build.0 = Debug|x64
		{3B8EE907-20EA-4471-A313-93148D55422F}.Debug|x86.ActiveCfg = Debug|Win32
		{3B8EE907-20EA-4471-A313-93148D55422F}.Debug|x86.Build.0 = Debug|Win32
		{3B8EE907-20EA-4471-A313-93148D55422F}.Release|Any CPU.ActiveCfg = Release|Win32
		{3B8EE907-20EA-4471-A313-93148D55422F}.Release|ARM.ActiveCfg = Release|Win32
		{3B8EE907-20EA-4471-A313-93148D55422F}.Release|x64.ActiveCfg = Release|x64
		{3B8EE907-20EA-4471-A313-93148D55422F}.Release|x64.Build.0 = Release|x64
		{3B8EE907-20EA-4471-A313-93148D55422F}.Release|x86.ActiveCfg = Release|Win32
		{3B8EE907-20EA-4471-A313-93148D55422F}.Release|x86.Build.0 = Release|Win32
		{A3F1D668-6376-4B88-A5DD-20F9EA0D1C34}.Debug|Any CPU.ActiveCfg = Debug|Win32
		{A3F1D668-6376-4B88-A5DD-20F9EA0D1C34}.Debug|ARM.ActiveCfg = Debug|Win32
		{A3F1D668-6376-4B88-A5DD-20F9EA0D1C34}.Debug|x64.ActiveCfg = Debug|x64
		{A3F1D668-6376-4B88-A5DD-20F9EA0D1C34}.Debug|x64.Build.0 = Debug|x64
		{A3F1D668-6376-4B88-A5DD-20F9EA0D1C34}.Debug|x86.ActiveCfg = Debug|Win32
		{A3F1D668-6376-4B88-A5DD-20F9EA0D1C34}.Debug|x86.Build.0 = Debug|Win32
		{A3F1D668-6376-4B88-A5DD-20F9EA0D1C34}.Release|Any CPU.ActiveCfg = Release|Win32
		{A3F1D668-6376-4B88-A5DD-20F9EA0D1C34}.Release|ARM.ActiveCfg = Release|Win32
		{A3F1D668-6376-4B88-A5DD-20F9EA0D1C34}.Release|x64.ActiveCfg = Release|x64
		{A3F1D668-6376-4B88-A5DD-20F9EA0D1C34}.Release|x64.Build.0 = Release|x64
		{A3F1D668-6376-4B88-A5DD-20F9EA0D1C34}.Release|x86.ActiveCfg = Release|Win32
		{A3F1D668-6376-4B88-A5DD-20F9EA0D1C34}.Release|x86.Build.0 = Release|Win32
		{62718BA2-4F4B-4E5C-BD2B-C73F012B319A}.Debug|Any CPU.ActiveCfg = Debug|Win32
		{62718BA2-4F4B-4E5C-BD2B-C73F012B319A}.Debug|ARM.ActiveCfg = Debug|Win32
		{62718BA2-4F4B-4E5C-BD2B-C73F012B319A}.Debug|x64.ActiveCfg = Debug|x64
		{62718BA2-4F4B-4E5C-BD2B-C73F012B319A}.Debug|x64.Build.0 = Debug|x64
		{62718BA2-4F4B-4E5C-BD2B-C73F012B319A}.Debug|x86.ActiveCfg = Debug|Win32
		{62718BA2-4F4B-4E5C-BD2B-C73F012B319A}.Debug|x86.Build.0 = Debug|Win32
		{62718BA2-4F4B-4E5C-BD2B-C73F012B319A}.Release|Any CPU.ActiveCfg = Release|Win32
		{62718BA2-4F4B-4E5C-BD2B-C73F012B319A}.Release|ARM.ActiveCfg = Release|Win32
		{62718BA2-4F4B-4E5C-BD2B-C73F012B319A}.Release|x64.ActiveCfg = Release|x64
		{62718BA2-4F4B-4E5C-BD2B-C73F012B319A}.Release|x64.Build.0 = Release|x64
		{62718BA2-4F4B-4E5C-BD2B-C73F012B319A}.Release|x86.ActiveCfg = Release|Win32
		{62718BA2-4F4B-4E5C-BD2B-C73F012B319A}.Release|x86.Build.0 = Release|Win32
		{49B6B3EE-A2C8-40ED-BB52-9406705A99E2}.Debug|Any CPU.ActiveCfg = Debug|Win32
		{49B6B3EE-A2C8-40ED-BB52-9406705A99E2}.Debug|ARM.ActiveCfg = Debug|Win32
		{49B6B3EE-A2C8-40ED-BB52-9406705A99E2}.Debug|x64.ActiveCfg = Debug|x64
		{49B6B3EE-A2C8-40ED-BB52-9406705A99E2}.Debug|x64.Build.0 = Debug|x64
		{49B6B3EE-A2C8-40ED-BB52-9406705A99E2}.Debug|x86.ActiveCfg = Debug|Win32
		{49B6B3EE-A2C8-40ED-BB52-9406705A99E2}.Debug|x86.Build.0 = Debug|Win32
		{49B6B3EE-A2C8-40ED-BB52-9406705A99E2}.Release|Any CPU.ActiveCfg = Release|Win32
		{49B6B3EE-A2C8-40ED-BB52-9406705A99E2}.Release|ARM.ActiveCfg = Release|Win32
		{49B6B3EE-A2C8-40ED-BB52-9406705A99E2}.Release|x64.ActiveCfg = Release|x64
		{49B6B3EE-A2C8-40ED-BB52-9406705A99E2}.Release|x64.Build.0 = Release|x64
		{49B6B3EE-A2C8-40ED-BB52-9406705A99E2}.Release|x86.ActiveCfg = Release|Win32
		{49B6B3EE-A2C8-40ED-BB52-9406705A99E2}.Release|x86.Build.0 = Release|Win32
		{2F6B2D45-F9A9-4D83-8A35-4840D9AC8A16}.Debug|Any CPU.ActiveCfg = Debug|Win32
		{2F6B2D45-F9A9-4D83-8A35-4840D9AC8A16}.Debug|ARM.ActiveCfg = Debug|Win32
		{2F6B2D45-F9A9-4D83-8A35-4840D9AC8A16}.Debug|x64.ActiveCfg = Debug|x64
		{2F6B2D45-F9A9-4D83-8A35-4840D9AC8A16}.Debug|x64.Build.0 = Debug|x64
		{2F6B2D45-F9A9-4D83-8A35-4840D9AC8A16}.Debug|x86.ActiveCfg = Debug|Win32
		{2F6B2D45-F9A9-4D83-8A35-4840D9AC8A16}.Debug|x86.Build.0 = Debug|Win32
		{2F6B2D45-F9A9-4D83-8A35-4840D9AC8A16}.Release|Any CPU.ActiveCfg = Release|Win32
		{2F6B2D45-F9A9-4D83-8A35-4840D9AC8A16}.Release|ARM.ActiveCfg = Release|Win32
		{2F6B2D45-F9A9-4D83-8A35-4840D9AC8A16}.Release|x64.ActiveCfg = Release|x64
		{2F6B2D45-F9A9-4D83-8A35-4840D9AC8A16}.Release|x64.Build.0 = Release|x64
		{2F6B2D45-F9A9-4D83-8A35-4840D9AC8A16}.Release|x86.ActiveCfg = Release|Win32
		{2F6B2D45-F9A9-4D83-8A35-4840D9AC8A16}.Release|x86.Build.0 = Release|Win32
		{5F39FAF0-9CB7-46F1-8C6D-75DC47F84799}.Debug|Any CPU.ActiveCfg = Debug|Win32
		{5F39FAF0-9CB7-46F1-8C6D-75DC47F84799}.Debug|ARM.ActiveCfg = Debug|Win32
		{5F39FAF0-9CB7-46F1-8C6D-75DC47F84799}.Debug|x64.ActiveCfg = Debug|x64
		{5F39FAF0-9CB7-46F1-8C6D-75DC47F84799}.Debug|x64.Build.0 = Debug|x64
		{5F39FAF0-9CB7-46F1-8C6D-75DC47F84799}.Debug|x86.ActiveCfg = Debug|Win32
		{5F39FAF0-9CB7-46F1-8C6D-75DC47F84799}.Debug|x86.Build.0 = Debug|Win32
		{5F39FAF0-9CB7-46F1-8C6D-75DC47F84799}.Release|Any CPU.ActiveCfg = Release|Win32
		{5F39FAF0-9CB7-46F1-8C6D-75DC47F84799}.Release|ARM.ActiveCfg = Release|Win32
		{5F39FAF0-9CB7-46F1-8C6D-75DC47F84799}.Release|x64.ActiveCfg = Release|x64
		{5F39FAF0-9CB7-46F1-8C6D-75DC47F84799}.Release|x64.Build.0 = Release|x64
		{5F39FAF0-9CB7-46F1-8C6D-75DC47F84799}.Release|x86.ActiveCfg = Release|Win32
		{5F39FAF0-9CB7-46F1-8C6D-75DC47F84799}.Release|x86.Build.0 = Release|Win32
		{D7B04386-3FDC-4B2B-B715-666D3754F082}.Debug|Any CPU.ActiveCfg = Debug|Win32
		{D7B04386-3FDC-4B2B-B715-666D3754F082}.Debug|ARM.ActiveCfg = Debug|Win32
		{D7B04386-3FDC-4B2B-B715-666D3754F082}.Debug|x64.ActiveCfg = Debug|x64
		{D7B04386-3FDC-4B2B-B715-666D3754F082}.Debug|x64.Build.0 = Debug|x64
		{D7B04386-3FDC-4B2B-B715-666D3754F082}.Debug|x86.ActiveCfg = Debug|Win32
		{D7B04386-3FDC-4B2B-B715-666D3754F082}.Debug|x86.Build.0 = Debug|Win32
		{D7B04386-3FDC-4B2B-B715-666D3754F082}.Release|Any CPU.ActiveCfg = Release|Win32
		{D7B04386-3FDC-4B2B-B715-666D3754F082}.Release|ARM.ActiveCfg = Release|Win32
		{D7B04386-3FDC-4B2B-B715-666D3754F082}.Release|x64.ActiveCfg = Release|x64
		{D7B04386-3FDC-4B2B-B715-666D3754F082}.Release|x64.Build.0 = Release|x64
		{D7B04386-3FDC-4B2B-B715-666D3754F082}.Release|x86.ActiveCfg = Release|Win32
		{D7B04386-3FDC-4B2B-B715-666D3754F082}.Release|x86.Build.0 = Release|Win32
		{93A6C5E6-731D-48F2-807C-01F5553A5B85}.Debug|Any CPU.ActiveCfg = Debug|Win32
		{93A6C5E6-731D-48F2-807C-01F5553A5B85}.Debug|ARM.ActiveCfg = Debug|ARM
		{93A6C5E6-731D-48F2-807C-01F5553A5B85}.Debug|ARM.Build.0 = Debug|ARM
		{93A6C5E6-731D-48F2-807C-01F5553A5B85}.Debug|ARM.Deploy.0 = Debug|ARM
		{93A6C5E6-731D-48F2-807C-01F5553A5B85}.Debug|x64.ActiveCfg = Debug|x64
		{93A6C5E6-731D-48F2-807C-01F5553A5B85}.Debug|x64.Build.0 = Debug|x64
		{93A6C5E6-731D-48F2-807C-01F5553A5B85}.Debug|x64.Deploy.0 = Debug|x64
		{93A6C5E6-731D-48F2-807C-01F5553A5B85}.Debug|x86.ActiveCfg = Debug|Win32
		{93A6C5E6-731D-48F2-807C-01F5553A5B85}.Debug|x86.Build.0 = Debug|Win32
		{93A6C5E6-731D-48F2-807C-01F5553A5B85}.Debug|x86.Deploy.0 = Debug|Win32
		{93A6C5E6-731D-48F2-807C-01F5553A5B85}.Release|Any CPU.ActiveCfg = Release|Win32
		{93A6C5E6-731D-48F2-807C-01F5553A5B85}.Release|ARM.ActiveCfg = Release|ARM
		{93A6C5E6-731D-48F2-807C-01F5553A5B85}.Release|ARM.Build.0 = Release|ARM
		{93A6C5E6-731D-48F2-807C-01F5553A5B85}.Release|ARM.Deploy.0 = Release|ARM
		{93A6C5E6-731D-48F2-807C-01F5553A5B85}.Release|x64.ActiveCfg = Release|x64
		{93A6C5E6-731D-48F2-807C-01F5553A5B85}.Release|x64.Build.0 = Release|x64
		{93A6C5E6-731D-48F2-807C-01F5553A5B85}.Release|x64.Deploy.0 = Release|x64
		{93A6C5E6-731D-48F2-807C-01F5553A5B85}.Release|x86.ActiveCfg = Release|Win32
		{93A6C5E6-731D-48F2-807C-01F5553A5B85}.Release|x86.Build.0 = Release|Win32
		{93A6C5E6-731D-48F2-807C-01F5553A5B85}.Release|x86.Deploy.0 = Release|Win32
		{1DDE7F4D-EA5A-4398-B854-90408D9C8AA5}.Debug|Any CPU.ActiveCfg = Debug|Win32
		{1DDE7F4D-EA5A-4398-B854-90408D9C8AA5}.Debug|ARM.ActiveCfg = Debug|Win32
		{1DDE7F4D-EA5A-4398-B854-90408D9C8AA5}.Debug|x64.ActiveCfg = Debug|x64
		{1DDE7F4D-EA5A-4398-B854-90408D9C8AA5}.Debug|x64.Build.0 = Debug|x64
		{1DDE7F4D-EA5A-4398-B854-90408D9C8AA5}.Debug|x86.ActiveCfg = Debug|Win32
		{1DDE7F4D-EA5A-4398-B854-90408D9C8AA5}.Debug|x86.Build.0 = Debug|Win32
		{1DDE7F4D-EA5A-4398-B854-90408D9C8AA5}.Release|Any CPU.ActiveCfg = Release|Win32
		{1DDE7F4D-EA5A-4398-B854-90408D9C8AA5}.Release|ARM.ActiveCfg = Release|Win32
		{1DDE7F4D-EA5A-4398-B854-90408D9C8AA5}.Release|x64.ActiveCfg = Release|x64
		{1DDE7F4D-EA5A-4398-B854-90408D9C8AA5}.Release|x64.Build.0 = Release|x64
		{1DDE7F4D-EA5A-4398-B854-90408D9C8AA5}.Release|x86.ActiveCfg = Release|Win32
		{1DDE7F4D-EA5A-4398-B854-90408D9C8AA5}.Release|x86.Build.0 = Release|Win32
	EndGlobalSection
	GlobalSection(SolutionProperties) = preSolution
		HideSolutionNode = FALSE
	EndGlobalSection
	GlobalSection(ExtensibilityGlobals) = postSolution
		SolutionGuid = {2BFACB83-E707-47F3-899F-A6C71826837F}
	EndGlobalSection
EndGlobal
