<?xml version="1.0" encoding="utf-8"?>
<Project ToolsVersion="4.0" xmlns="http://schemas.microsoft.com/developer/msbuild/2003">
  <ItemGroup>
    <Filter Include="Source Files">
      <UniqueIdentifier>{4FC737F1-C7A5-4376-A066-2A32D752A2FF}</UniqueIdentifier>
      <Extensions>cpp;c;cc;cxx;def;odl;idl;hpj;bat;asm;asmx</Extensions>
    </Filter>
    <Filter Include="Header Files">
      <UniqueIdentifier>{93995380-89BD-4b04-88EB-625FBE52EBFB}</UniqueIdentifier>
      <Extensions>h;hpp;hxx;hm;inl;inc;xsd</Extensions>
    </Filter>
    <Filter Include="Resource Files">
      <UniqueIdentifier>{67DA6AB6-F800-4c08-8B7A-83BB121AAD01}</UniqueIdentifier>
      <Extensions>rc;ico;cur;bmp;dlg;rc2;rct;bin;rgs;gif;jpg;jpeg;jpe;resx;tiff;tif;png;wav;mfcribbon-ms</Extensions>
    </Filter>
  </ItemGroup>
  <ItemGroup>
    <None Include="ReadMe.txt" />
    <None Include="app.ico">
      <Filter>Resource Files</Filter>
    </None>
    <None Include="app.config" />
    <None Include="AsciiCodeTable.txt" />
  </ItemGroup>
  <ItemGroup>
    <ClCompile Include="VisionWinFormApp.cpp">
      <Filter>Source Files</Filter>
    </ClCompile>
    <ClCompile Include="AssemblyInfo.cpp">
      <Filter>Source Files</Filter>
    </ClCompile>
    <ClCompile Include="stdafx.cpp">
      <Filter>Source Files</Filter>
    </ClCompile>
    <ClCompile Include="Interval.cpp">
      <Filter>Source Files</Filter>
    </ClCompile>
    <ClCompile Include="Vision.cpp">
      <Filter>Source Files</Filter>
    </ClCompile>
    <ClCompile Include="VisionMatch.cpp">
      <Filter>Source Files</Filter>
    </ClCompile>
    <ClCompile Include="VisionSystem.cpp">
      <Filter>Source Files</Filter>
    </ClCompile>
    <ClCompile Include="VisionOptionInterface.cpp">
      <Filter>Source Files</Filter>
    </ClCompile>
    <ClCompile Include="VisionInterface.cpp">
      <Filter>Source Files</Filter>
    </ClCompile>
    <ClCompile Include="ExtResourcesForm.cpp">
      <Filter>Header Files</Filter>
    </ClCompile>
    <ClCompile Include="VideoInfo.cpp">
      <Filter>Source Files</Filter>
    </ClCompile>
    <ClCompile Include="ComObject.cpp">
      <Filter>Source Files</Filter>
    </ClCompile>
    <ClCompile Include="CannyOption.cpp">
      <Filter>Source Files</Filter>
    </ClCompile>
    <ClCompile Include="MatchResult.cpp">
      <Filter>Source Files</Filter>
    </ClCompile>
    <ClCompile Include="Roi.cpp">
      <Filter>Source Files</Filter>
    </ClCompile>
    <ClCompile Include="Style.cpp">
      <Filter>Source Files</Filter>
    </ClCompile>
    <ClCompile Include="ShapeStyle.cpp">
      <Filter>Source Files</Filter>
    </ClCompile>
    <ClCompile Include="ViPoint.cpp">
      <Filter>Source Files</Filter>
    </ClCompile>
    <ClCompile Include="FontStyle.cpp">
      <Filter>Source Files</Filter>
    </ClCompile>
    <ClCompile Include="Disp.cpp">
      <Filter>Source Files</Filter>
    </ClCompile>
    <ClCompile Include="VisionChart.cpp">
      <Filter>Source Files</Filter>
    </ClCompile>
    <ClCompile Include="aquila\Dft.cpp">
      <Filter>Source Files</Filter>
    </ClCompile>
    <ClCompile Include="aquila\fft4g.c">
      <Filter>Source Files</Filter>
    </ClCompile>
    <ClCompile Include="aquila\OouraFft.cpp">
      <Filter>Source Files</Filter>
    </ClCompile>
    <ClCompile Include="VisionChartDisp.cpp">
      <Filter>Source Files</Filter>
    </ClCompile>
    <ClCompile Include="VisionChartFreq.cpp">
      <Filter>Source Files</Filter>
    </ClCompile>
    <ClCompile Include="AboutWinForm.cpp">
      <Filter>Source Files</Filter>
    </ClCompile>
    <ClCompile Include="ChartInfo.cpp">
      <Filter>Source Files</Filter>
    </ClCompile>
    <ClCompile Include="CvImage.cpp">
      <Filter>Source Files</Filter>
    </ClCompile>
  </ItemGroup>
  <ItemGroup>
    <ClInclude Include="stdafx.h">
      <Filter>Header Files</Filter>
    </ClInclude>
    <ClInclude Include="resource.h">
      <Filter>Header Files</Filter>
    </ClInclude>
    <ClInclude Include="Interval.h">
      <Filter>Header Files</Filter>
    </ClInclude>
    <ClInclude Include="Vision.h">
      <Filter>Header Files</Filter>
    </ClInclude>
    <ClInclude Include="VisionMatch.h">
      <Filter>Header Files</Filter>
    </ClInclude>
    <ClInclude Include="VisionSystem.h">
      <Filter>Header Files</Filter>
    </ClInclude>
    <ClInclude Include="VisionOptionInterface.h">
      <Filter>Header Files</Filter>
    </ClInclude>
    <ClInclude Include="VisionInterface.h">
      <Filter>Header Files</Filter>
    </ClInclude>
    <ClInclude Include="ExtResourcesForm.h">
      <Filter>Header Files</Filter>
    </ClInclude>
    <ClInclude Include="VideoInfo.h">
      <Filter>Header Files</Filter>
    </ClInclude>
    <ClInclude Include="ComObject.h">
      <Filter>Header Files</Filter>
    </ClInclude>
    <ClInclude Include="CannyOption.h">
      <Filter>Header Files</Filter>
    </ClInclude>
    <ClInclude Include="MatchResult.h">
      <Filter>Header Files</Filter>
    </ClInclude>
    <ClInclude Include="Roi.h">
      <Filter>Header Files</Filter>
    </ClInclude>
    <ClInclude Include="Style.h">
      <Filter>Header Files</Filter>
    </ClInclude>
    <ClInclude Include="ShapeStyle.h">
      <Filter>Header Files</Filter>
    </ClInclude>
    <ClInclude Include="ViPoint.h">
      <Filter>Header Files</Filter>
    </ClInclude>
    <ClInclude Include="FontStyle.h">
      <Filter>Header Files</Filter>
    </ClInclude>
    <ClInclude Include="Disp.h">
      <Filter>Header Files</Filter>
    </ClInclude>
    <ClInclude Include="VisionChart.h">
      <Filter>Header Files</Filter>
    </ClInclude>
    <ClInclude Include="aquila\aquila_global.h">
      <Filter>Header Files</Filter>
    </ClInclude>
    <ClInclude Include="aquila\Dft.h">
      <Filter>Header Files</Filter>
    </ClInclude>
    <ClInclude Include="aquila\Fft.h">
      <Filter>Header Files</Filter>
    </ClInclude>
    <ClInclude Include="aquila\OouraFft.h">
      <Filter>Header Files</Filter>
    </ClInclude>
    <ClInclude Include="VisionChartDisp.h">
      <Filter>Header Files</Filter>
    </ClInclude>
    <ClInclude Include="VisionChartFreq.h">
      <Filter>Header Files</Filter>
    </ClInclude>
    <ClInclude Include="AboutWinForm.h">
      <Filter>Source Files</Filter>
    </ClInclude>
    <ClInclude Include="ChartInfo.h">
      <Filter>Header Files</Filter>
    </ClInclude>
    <ClInclude Include="CvImage.h">
      <Filter>Header Files</Filter>
    </ClInclude>
    <ClInclude Include="VisionWinForm.h">
      <Filter>Header Files</Filter>
    </ClInclude>
  </ItemGroup>
  <ItemGroup>
    <ResourceCompile Include="app.rc">
      <Filter>Resource Files</Filter>
    </ResourceCompile>
  </ItemGroup>
  <ItemGroup>
    <EmbeddedResource Include="ExtResourcesForm.resx">
      <Filter>Resource Files</Filter>
    </EmbeddedResource>
    <EmbeddedResource Include="AboutWinForm.resx">
      <Filter>Resource Files</Filter>
    </EmbeddedResource>
    <EmbeddedResource Include="VisionWinForm.resX">
      <Filter>Resource Files</Filter>
    </EmbeddedResource>
  </ItemGroup>
</Project>